{
    "_meta": {
        "hash": {
            "sha256": "d526ad0007c6428b06f9700ed762b5ae9cec68775b4ebe86574a3633274ef9ff"
        },
        "pipfile-spec": 6,
        "requires": {
            "python_version": "3.6"
        },
        "sources": [
            {
                "name": "pypi",
                "url": "https://pypi.org/simple",
                "verify_ssl": true
            }
        ]
    },
    "default": {
        "certifi": {
            "hashes": [
                "sha256:376690d6f16d32f9d1fe8932551d80b23e9d393a8578c5633a2ed39a64861638",
                "sha256:456048c7e371c089d0a77a5212fb37a2c2dce1e24146e3b7e0261736aaeaa22a"
            ],
            "version": "==2018.8.24"
        },
        "pipenv": {
            "hashes": [
                "sha256:14d52f5dfbeb71e16403909c286ffebbc750ba24f27f4d0324c0c526f632d3c2",
                "sha256:4cfa1a524c84eba454c56eab42d7bf6e8b18046f13fe6ffdd6c3badcadaf9b75",
                "sha256:92e0c79ed941988f817e47611eae163508dd5e658a905da9aa0677b995531a2c"
            ],
            "index": "pypi",
            "version": "==2018.10.9"
        },
        "virtualenv": {
            "hashes": [
                "sha256:2ce32cd126117ce2c539f0134eb89de91a8413a29baac49cbab3eb50e2026669",
                "sha256:ca07b4c0b54e14a91af9f34d0919790b016923d157afda5efdde55c96718f752"
            ],
            "version": "==16.0.0"
        },
        "virtualenv-clone": {
            "hashes": [
                "sha256:4507071d81013fd03ea9930ec26bc8648b997927a11fa80e8ee81198b57e0ac7",
                "sha256:b5cfe535d14dc68dfc1d1bb4ac1209ea28235b91156e2bba8e250d291c3fb4f8"
            ],
            "version": "==0.3.0"
        }
    },
    "develop": {}
}
